
Microsoft Visual Studio Solution File, Format Version 11.00
# Visual C++ Express 2010
Project("{8BC9CEB8-8B4A-11D0-8D11-00A0C91BC942}") = "hpsdr", "hpsdr\hpsdr.vcxproj", "{1AF5D4F2-6441-42FD-BC9B-490309C28DF4}"
	ProjectSection(ProjectDependencies) = postProject
		{1DCCE8F0-EDB3-4AE7-B2E0-6013CB682E22} = {1DCCE8F0-EDB3-4AE7-B2E0-6013CB682E22}
	EndProjectSection
EndProject
Project("{FAE04EC0-301F-11D3-BF4B-00C04F79EFBC}") = "sharptest", "sharptest\sharptest.csproj", "{A5FF3619-ADC4-4984-9181-1685421250D6}"
EndProject
Project("{8BC9CEB8-8B4A-11D0-8D11-00A0C91BC942}") = "fftss", "fftss\fftss.vcxproj", "{7C72FF10-54DD-4F8B-8131-7266ADB4BC58}"
	ProjectSection(ProjectDependencies) = postProject
		{1DCCE8F0-EDB3-4AE7-B2E0-6013CB682E22} = {1DCCE8F0-EDB3-4AE7-B2E0-6013CB682E22}
	EndProjectSection
EndProject
Project("{8BC9CEB8-8B4A-11D0-8D11-00A0C91BC942}") = "common", "common\common.vcxproj", "{1DCCE8F0-EDB3-4AE7-B2E0-6013CB682E22}"
EndProject
Project("{8BC9CEB8-8B4A-11D0-8D11-00A0C91BC942}") = "cppconv", "cppconv\cppconv.vcxproj", "{5772A5BF-E6F3-4E57-984D-89A9B5DAC856}"
	ProjectSection(ProjectDependencies) = postProject
		{1DCCE8F0-EDB3-4AE7-B2E0-6013CB682E22} = {1DCCE8F0-EDB3-4AE7-B2E0-6013CB682E22}
	EndProjectSection
EndProject
Project("{8BC9CEB8-8B4A-11D0-8D11-00A0C91BC942}") = "waterfall", "waterfall\waterfall.vcxproj", "{9B565958-1136-40B9-9ADE-13002F646A12}"
EndProject
Global
	GlobalSection(SolutionConfigurationPlatforms) = preSolution
		Debug|Win32 = Debug|Win32
		Release|Win32 = Release|Win32
		Smoketest|Win32 = Smoketest|Win32
	EndGlobalSection
	GlobalSection(ProjectConfigurationPlatforms) = postSolution
		{1AF5D4F2-6441-42FD-BC9B-490309C28DF4}.Debug|Win32.ActiveCfg = Debug|Win32
		{1AF5D4F2-6441-42FD-BC9B-490309C28DF4}.Debug|Win32.Build.0 = Debug|Win32
		{1AF5D4F2-6441-42FD-BC9B-490309C28DF4}.Release|Win32.ActiveCfg = Release|Win32
		{1AF5D4F2-6441-42FD-BC9B-490309C28DF4}.Release|Win32.Build.0 = Release|Win32
		{1AF5D4F2-6441-42FD-BC9B-490309C28DF4}.Smoketest|Win32.ActiveCfg = Smoketest|Win32
		{1AF5D4F2-6441-42FD-BC9B-490309C28DF4}.Smoketest|Win32.Build.0 = Smoketest|Win32
		{A5FF3619-ADC4-4984-9181-1685421250D6}.Debug|Win32.ActiveCfg = Debug|x86
		{A5FF3619-ADC4-4984-9181-1685421250D6}.Debug|Win32.Build.0 = Debug|x86
		{A5FF3619-ADC4-4984-9181-1685421250D6}.Release|Win32.ActiveCfg = Release|x86
		{A5FF3619-ADC4-4984-9181-1685421250D6}.Release|Win32.Build.0 = Release|x86
		{A5FF3619-ADC4-4984-9181-1685421250D6}.Smoketest|Win32.ActiveCfg = Debug|x86
		{A5FF3619-ADC4-4984-9181-1685421250D6}.Smoketest|Win32.Build.0 = Debug|x86
		{7C72FF10-54DD-4F8B-8131-7266ADB4BC58}.Debug|Win32.ActiveCfg = Debug|Win32
		{7C72FF10-54DD-4F8B-8131-7266ADB4BC58}.Debug|Win32.Build.0 = Debug|Win32
		{7C72FF10-54DD-4F8B-8131-7266ADB4BC58}.Release|Win32.ActiveCfg = Release|Win32
		{7C72FF10-54DD-4F8B-8131-7266ADB4BC58}.Release|Win32.Build.0 = Release|Win32
		{7C72FF10-54DD-4F8B-8131-7266ADB4BC58}.Smoketest|Win32.ActiveCfg = Smoketest|Win32
		{7C72FF10-54DD-4F8B-8131-7266ADB4BC58}.Smoketest|Win32.Build.0 = Smoketest|Win32
		{1DCCE8F0-EDB3-4AE7-B2E0-6013CB682E22}.Debug|Win32.ActiveCfg = Debug|Win32
		{1DCCE8F0-EDB3-4AE7-B2E0-6013CB682E22}.Debug|Win32.Build.0 = Debug|Win32
		{1DCCE8F0-EDB3-4AE7-B2E0-6013CB682E22}.Release|Win32.ActiveCfg = Release|Win32
		{1DCCE8F0-EDB3-4AE7-B2E0-6013CB682E22}.Release|Win32.Build.0 = Release|Win32
		{1DCCE8F0-EDB3-4AE7-B2E0-6013CB682E22}.Smoketest|Win32.ActiveCfg = Debug|Win32
		{1DCCE8F0-EDB3-4AE7-B2E0-6013CB682E22}.Smoketest|Win32.Build.0 = Debug|Win32
		{5772A5BF-E6F3-4E57-984D-89A9B5DAC856}.Debug|Win32.ActiveCfg = Debug|Win32
		{5772A5BF-E6F3-4E57-984D-89A9B5DAC856}.Debug|Win32.Build.0 = Debug|Win32
		{5772A5BF-E6F3-4E57-984D-89A9B5DAC856}.Release|Win32.ActiveCfg = Release|Win32
		{5772A5BF-E6F3-4E57-984D-89A9B5DAC856}.Release|Win32.Build.0 = Release|Win32
		{5772A5BF-E6F3-4E57-984D-89A9B5DAC856}.Smoketest|Win32.ActiveCfg = Debug|Win32
		{5772A5BF-E6F3-4E57-984D-89A9B5DAC856}.Smoketest|Win32.Build.0 = Debug|Win32
		{9B565958-1136-40B9-9ADE-13002F646A12}.Debug|Win32.ActiveCfg = Debug|Win32
		{9B565958-1136-40B9-9ADE-13002F646A12}.Debug|Win32.Build.0 = Debug|Win32
		{9B565958-1136-40B9-9ADE-13002F646A12}.Release|Win32.ActiveCfg = Release|Win32
		{9B565958-1136-40B9-9ADE-13002F646A12}.Release|Win32.Build.0 = Release|Win32
		{9B565958-1136-40B9-9ADE-13002F646A12}.Smoketest|Win32.ActiveCfg = Release|Win32
		{9B565958-1136-40B9-9ADE-13002F646A12}.Smoketest|Win32.Build.0 = Release|Win32
	EndGlobalSection
	GlobalSection(SolutionProperties) = preSolution
		HideSolutionNode = FALSE
	EndGlobalSection
EndGlobal
