<?xml version="1.0" encoding="utf-8"?>
<Project ToolsVersion="4.0" xmlns="http://schemas.microsoft.com/developer/msbuild/2003">
  <ItemGroup>
    <Filter Include="common">
      <UniqueIdentifier>{5712124d-3d95-4b00-a894-2d8c8c6f9c7b}</UniqueIdentifier>
    </Filter>
    <Filter Include="Infrastructure">
      <UniqueIdentifier>{813d3b83-0dc4-4c2b-9d02-58e48e2772d7}</UniqueIdentifier>
    </Filter>
    <Filter Include="Implementation">
      <UniqueIdentifier>{c8b0821c-f46b-4967-af82-ca895b54df20}</UniqueIdentifier>
    </Filter>
  </ItemGroup>
  <ItemGroup>
    <None Include="waterfall.def">
      <Filter>Infrastructure</Filter>
    </None>
    <None Include="waterfall.fx">
      <Filter>Implementation</Filter>
    </None>
    <None Include="waveform.fx">
      <Filter>Implementation</Filter>
    </None>
  </ItemGroup>
  <ItemGroup>
    <ClInclude Include="..\common\block.h">
      <Filter>common</Filter>
    </ClInclude>
    <ClInclude Include="..\common\BlockImpl.h">
      <Filter>common</Filter>
    </ClInclude>
    <ClInclude Include="stdafx.h">
      <Filter>Infrastructure</Filter>
    </ClInclude>
    <ClInclude Include="targetver.h">
      <Filter>Infrastructure</Filter>
    </ClInclude>
    <ClInclude Include="unkref.h">
      <Filter>Implementation</Filter>
    </ClInclude>
    <ClInclude Include="Resource.h">
      <Filter>Infrastructure</Filter>
    </ClInclude>
    <ClInclude Include="waterfall.h">
      <Filter>Implementation</Filter>
    </ClInclude>
    <ClInclude Include="base.h">
      <Filter>Implementation</Filter>
    </ClInclude>
    <ClInclude Include="waveform.h">
      <Filter>Implementation</Filter>
    </ClInclude>
    <ClInclude Include="driver.h">
      <Filter>Implementation</Filter>
    </ClInclude>
  </ItemGroup>
  <ItemGroup>
    <ClCompile Include="stdafx.cpp">
      <Filter>Infrastructure</Filter>
    </ClCompile>
    <ClCompile Include="waterfall.cpp">
      <Filter>Implementation</Filter>
    </ClCompile>
    <ClCompile Include="base.cpp">
      <Filter>Implementation</Filter>
    </ClCompile>
    <ClCompile Include="waveform.cpp">
      <Filter>Implementation</Filter>
    </ClCompile>
    <ClCompile Include="driver.cpp">
      <Filter>Implementation</Filter>
    </ClCompile>
  </ItemGroup>
  <ItemGroup>
    <ResourceCompile Include="waterfall.rc">
      <Filter>Infrastructure</Filter>
    </ResourceCompile>
  </ItemGroup>
</Project>